
Microsoft Visual Studio Solution File, Format Version 12.00
# Visual Studio Version 17
VisualStudioVersion = 17.7.34221.43
MinimumVisualStudioVersion = 10.0.40219.1
Project("{FAE04EC0-301F-11D3-BF4B-00C04F79EFBC}") = "Design Patterns", "Design Patterns.csproj", "{C5F314CF-A7CE-41B7-818E-EDEEAEEF2865}"
EndProject
Global
	GlobalSection(SolutionConfigurationPlatforms) = preSolution
		Debug|Any CPU = Debug|Any CPU
		Release|Any CPU = Release|Any CPU
	EndGlobalSection
	GlobalSection(ProjectConfigurationPlatforms) = postSolution
		{C5F314CF-A7CE-41B7-818E-EDEEAEEF2865}.Debug|Any CPU.ActiveCfg = Debug|Any CPU
		{C5F314CF-A7CE-41B7-818E-EDEEAEEF2865}.Debug|Any CPU.Build.0 = Debug|Any CPU
		{C5F314CF-A7CE-41B7-818E-EDEEAEEF2865}.Release|Any CPU.ActiveCfg = Release|Any CPU
		{C5F314CF-A7CE-41B7-818E-EDEEAEEF2865}.Release|Any CPU.Build.0 = Release|Any CPU
	EndGlobalSection
	GlobalSection(SolutionProperties) = preSolution
		HideSolutionNode = FALSE
	EndGlobalSection
	GlobalSection(ExtensibilityGlobals) = postSolution
		SolutionGuid = {6ED71CE2-5424-441D-98B2-32C5E09C316B}
	EndGlobalSection
EndGlobal
